
Microsoft Visual Studio Solution File, Format Version 12.00
# Visual Studio 15
VisualStudioVersion = 15.0.27703.2042
MinimumVisualStudioVersion = 10.0.40219.1
Project("{FAE04EC0-301F-11D3-BF4B-00C04F79EFBC}") = "Sales.Android", "Sales\Sales.Android\Sales.Android.csproj", "{D696AF67-965D-40A0-AC10-B4C580B16CEC}"
EndProject
Project("{FAE04EC0-301F-11D3-BF4B-00C04F79EFBC}") = "Sales.iOS", "Sales\Sales.iOS\Sales.iOS.csproj", "{7A9EAC80-3368-4D5E-9C4E-95B22B353735}"
EndProject
Project("{FAE04EC0-301F-11D3-BF4B-00C04F79EFBC}") = "Sales", "Sales\Sales\Sales.csproj", "{1B3EB40A-53B1-4D62-8DFE-F30F731E738D}"
EndProject
Project("{FAE04EC0-301F-11D3-BF4B-00C04F79EFBC}") = "Sales.Backend", "Sales.Backend\Sales.Backend.csproj", "{A1BF1859-B97A-4E86-8AC8-E18E580DDEC9}"
EndProject
Project("{FAE04EC0-301F-11D3-BF4B-00C04F79EFBC}") = "Sales.API", "Sales.API\Sales.API.csproj", "{EC439E83-35C6-40E3-95A1-AD6CFDCF01B5}"
EndProject
Project("{FAE04EC0-301F-11D3-BF4B-00C04F79EFBC}") = "Sales.Domain", "Sales.Domain\Sales.Domain.csproj", "{097B92E3-D379-4912-A2FB-45AE5D56D602}"
EndProject
Project("{FAE04EC0-301F-11D3-BF4B-00C04F79EFBC}") = "Sales.Common", "Sales.Common\Sales.Common.csproj", "{E4D806A4-A935-4191-A0D8-261AC203D45A}"
EndProject
Global
	GlobalSection(SolutionConfigurationPlatforms) = preSolution
		Ad-Hoc|Any CPU = Ad-Hoc|Any CPU
		Ad-Hoc|iPhone = Ad-Hoc|iPhone
		Ad-Hoc|iPhoneSimulator = Ad-Hoc|iPhoneSimulator
		AppStore|Any CPU = AppStore|Any CPU
		AppStore|iPhone = AppStore|iPhone
		AppStore|iPhoneSimulator = AppStore|iPhoneSimulator
		Debug|Any CPU = Debug|Any CPU
		Debug|iPhone = Debug|iPhone
		Debug|iPhoneSimulator = Debug|iPhoneSimulator
		Release|Any CPU = Release|Any CPU
		Release|iPhone = Release|iPhone
		Release|iPhoneSimulator = Release|iPhoneSimulator
	EndGlobalSection
	GlobalSection(ProjectConfigurationPlatforms) = postSolution
		{D696AF67-965D-40A0-AC10-B4C580B16CEC}.Ad-Hoc|Any CPU.ActiveCfg = Release|Any CPU
		{D696AF67-965D-40A0-AC10-B4C580B16CEC}.Ad-Hoc|Any CPU.Build.0 = Release|Any CPU
		{D696AF67-965D-40A0-AC10-B4C580B16CEC}.Ad-Hoc|Any CPU.Deploy.0 = Release|Any CPU
		{D696AF67-965D-40A0-AC10-B4C580B16CEC}.Ad-Hoc|iPhone.ActiveCfg = Release|Any CPU
		{D696AF67-965D-40A0-AC10-B4C580B16CEC}.Ad-Hoc|iPhone.Build.0 = Release|Any CPU
		{D696AF67-965D-40A0-AC10-B4C580B16CEC}.Ad-Hoc|iPhone.Deploy.0 = Release|Any CPU
		{D696AF67-965D-40A0-AC10-B4C580B16CEC}.Ad-Hoc|iPhoneSimulator.ActiveCfg = Release|Any CPU
		{D696AF67-965D-40A0-AC10-B4C580B16CEC}.Ad-Hoc|iPhoneSimulator.Build.0 = Release|Any CPU
		{D696AF67-965D-40A0-AC10-B4C580B16CEC}.Ad-Hoc|iPhoneSimulator.Deploy.0 = Release|Any CPU
		{D696AF67-965D-40A0-AC10-B4C580B16CEC}.AppStore|Any CPU.ActiveCfg = Release|Any CPU
		{D696AF67-965D-40A0-AC10-B4C580B16CEC}.AppStore|Any CPU.Build.0 = Release|Any CPU
		{D696AF67-965D-40A0-AC10-B4C580B16CEC}.AppStore|Any CPU.Deploy.0 = Release|Any CPU
		{D696AF67-965D-40A0-AC10-B4C580B16CEC}.AppStore|iPhone.ActiveCfg = Release|Any CPU
		{D696AF67-965D-40A0-AC10-B4C580B16CEC}.AppStore|iPhone.Build.0 = Release|Any CPU
		{D696AF67-965D-40A0-AC10-B4C580B16CEC}.AppStore|iPhone.Deploy.0 = Release|Any CPU
		{D696AF67-965D-40A0-AC10-B4C580B16CEC}.AppStore|iPhoneSimulator.ActiveCfg = Release|Any CPU
		{D696AF67-965D-40A0-AC10-B4C580B16CEC}.AppStore|iPhoneSimulator.Build.0 = Release|Any CPU
		{D696AF67-965D-40A0-AC10-B4C580B16CEC}.AppStore|iPhoneSimulator.Deploy.0 = Release|Any CPU
		{D696AF67-965D-40A0-AC10-B4C580B16CEC}.Debug|Any CPU.ActiveCfg = Debug|Any CPU
		{D696AF67-965D-40A0-AC10-B4C580B16CEC}.Debug|Any CPU.Build.0 = Debug|Any CPU
		{D696AF67-965D-40A0-AC10-B4C580B16CEC}.Debug|Any CPU.Deploy.0 = Debug|Any CPU
		{D696AF67-965D-40A0-AC10-B4C580B16CEC}.Debug|iPhone.ActiveCfg = Debug|Any CPU
		{D696AF67-965D-40A0-AC10-B4C580B16CEC}.Debug|iPhone.Build.0 = Debug|Any CPU
		{D696AF67-965D-40A0-AC10-B4C580B16CEC}.Debug|iPhone.Deploy.0 = Debug|Any CPU
		{D696AF67-965D-40A0-AC10-B4C580B16CEC}.Debug|iPhoneSimulator.ActiveCfg = Debug|Any CPU
		{D696AF67-965D-40A0-AC10-B4C580B16CEC}.Debug|iPhoneSimulator.Build.0 = Debug|Any CPU
		{D696AF67-965D-40A0-AC10-B4C580B16CEC}.Debug|iPhoneSimulator.Deploy.0 = Debug|Any CPU
		{D696AF67-965D-40A0-AC10-B4C580B16CEC}.Release|Any CPU.ActiveCfg = Release|Any CPU
		{D696AF67-965D-40A0-AC10-B4C580B16CEC}.Release|Any CPU.Build.0 = Release|Any CPU
		{D696AF67-965D-40A0-AC10-B4C580B16CEC}.Release|Any CPU.Deploy.0 = Release|Any CPU
		{D696AF67-965D-40A0-AC10-B4C580B16CEC}.Release|iPhone.ActiveCfg = Release|Any CPU
		{D696AF67-965D-40A0-AC10-B4C580B16CEC}.Release|iPhone.Build.0 = Release|Any CPU
		{D696AF67-965D-40A0-AC10-B4C580B16CEC}.Release|iPhone.Deploy.0 = Release|Any CPU
		{D696AF67-965D-40A0-AC10-B4C580B16CEC}.Release|iPhoneSimulator.ActiveCfg = Release|Any CPU
		{D696AF67-965D-40A0-AC10-B4C580B16CEC}.Release|iPhoneSimulator.Build.0 = Release|Any CPU
		{D696AF67-965D-40A0-AC10-B4C580B16CEC}.Release|iPhoneSimulator.Deploy.0 = Release|Any CPU
		{7A9EAC80-3368-4D5E-9C4E-95B22B353735}.Ad-Hoc|Any CPU.ActiveCfg = Ad-Hoc|iPhone
		{7A9EAC80-3368-4D5E-9C4E-95B22B353735}.Ad-Hoc|Any CPU.Build.0 = Ad-Hoc|iPhone
		{7A9EAC80-3368-4D5E-9C4E-95B22B353735}.Ad-Hoc|Any CPU.Deploy.0 = Ad-Hoc|iPhone
		{7A9EAC80-3368-4D5E-9C4E-95B22B353735}.Ad-Hoc|iPhone.ActiveCfg = Ad-Hoc|iPhone
		{7A9EAC80-3368-4D5E-9C4E-95B22B353735}.Ad-Hoc|iPhone.Build.0 = Ad-Hoc|iPhone
		{7A9EAC80-3368-4D5E-9C4E-95B22B353735}.Ad-Hoc|iPhone.Deploy.0 = Ad-Hoc|iPhone
		{7A9EAC80-3368-4D5E-9C4E-95B22B353735}.Ad-Hoc|iPhoneSimulator.ActiveCfg = Ad-Hoc|iPhoneSimulator
		{7A9EAC80-3368-4D5E-9C4E-95B22B353735}.Ad-Hoc|iPhoneSimulator.Build.0 = Ad-Hoc|iPhoneSimulator
		{7A9EAC80-3368-4D5E-9C4E-95B22B353735}.Ad-Hoc|iPhoneSimulator.Deploy.0 = Ad-Hoc|iPhoneSimulator
		{7A9EAC80-3368-4D5E-9C4E-95B22B353735}.AppStore|Any CPU.ActiveCfg = AppStore|iPhone
		{7A9EAC80-3368-4D5E-9C4E-95B22B353735}.AppStore|Any CPU.Build.0 = AppStore|iPhone
		{7A9EAC80-3368-4D5E-9C4E-95B22B353735}.AppStore|Any CPU.Deploy.0 = AppStore|iPhone
		{7A9EAC80-3368-4D5E-9C4E-95B22B353735}.AppStore|iPhone.ActiveCfg = AppStore|iPhone
		{7A9EAC80-3368-4D5E-9C4E-95B22B353735}.AppStore|iPhone.Build.0 = AppStore|iPhone
		{7A9EAC80-3368-4D5E-9C4E-95B22B353735}.AppStore|iPhone.Deploy.0 = AppStore|iPhone
		{7A9EAC80-3368-4D5E-9C4E-95B22B353735}.AppStore|iPhoneSimulator.ActiveCfg = AppStore|iPhoneSimulator
		{7A9EAC80-3368-4D5E-9C4E-95B22B353735}.AppStore|iPhoneSimulator.Build.0 = AppStore|iPhoneSimulator
		{7A9EAC80-3368-4D5E-9C4E-95B22B353735}.AppStore|iPhoneSimulator.Deploy.0 = AppStore|iPhoneSimulator
		{7A9EAC80-3368-4D5E-9C4E-95B22B353735}.Debug|Any CPU.ActiveCfg = Debug|iPhoneSimulator
		{7A9EAC80-3368-4D5E-9C4E-95B22B353735}.Debug|Any CPU.Build.0 = Debug|iPhoneSimulator
		{7A9EAC80-3368-4D5E-9C4E-95B22B353735}.Debug|Any CPU.Deploy.0 = Debug|iPhoneSimulator
		{7A9EAC80-3368-4D5E-9C4E-95B22B353735}.Debug|iPhone.ActiveCfg = Debug|iPhone
		{7A9EAC80-3368-4D5E-9C4E-95B22B353735}.Debug|iPhone.Build.0 = Debug|iPhone
		{7A9EAC80-3368-4D5E-9C4E-95B22B353735}.Debug|iPhone.Deploy.0 = Debug|iPhone
		{7A9EAC80-3368-4D5E-9C4E-95B22B353735}.Debug|iPhoneSimulator.ActiveCfg = Debug|iPhoneSimulator
		{7A9EAC80-3368-4D5E-9C4E-95B22B353735}.Debug|iPhoneSimulator.Build.0 = Debug|iPhoneSimulator
		{7A9EAC80-3368-4D5E-9C4E-95B22B353735}.Debug|iPhoneSimulator.Deploy.0 = Debug|iPhoneSimulator
		{7A9EAC80-3368-4D5E-9C4E-95B22B353735}.Release|Any CPU.ActiveCfg = Release|iPhone
		{7A9EAC80-3368-4D5E-9C4E-95B22B353735}.Release|Any CPU.Build.0 = Release|iPhone
		{7A9EAC80-3368-4D5E-9C4E-95B22B353735}.Release|Any CPU.Deploy.0 = Release|iPhone
		{7A9EAC80-3368-4D5E-9C4E-95B22B353735}.Release|iPhone.ActiveCfg = Release|iPhone
		{7A9EAC80-3368-4D5E-9C4E-95B22B353735}.Release|iPhone.Build.0 = Release|iPhone
		{7A9EAC80-3368-4D5E-9C4E-95B22B353735}.Release|iPhone.Deploy.0 = Release|iPhone
		{7A9EAC80-3368-4D5E-9C4E-95B22B353735}.Release|iPhoneSimulator.ActiveCfg = Release|iPhoneSimulator
		{7A9EAC80-3368-4D5E-9C4E-95B22B353735}.Release|iPhoneSimulator.Build.0 = Release|iPhoneSimulator
		{7A9EAC80-3368-4D5E-9C4E-95B22B353735}.Release|iPhoneSimulator.Deploy.0 = Release|iPhoneSimulator
		{1B3EB40A-53B1-4D62-8DFE-F30F731E738D}.Ad-Hoc|Any CPU.ActiveCfg = Debug|Any CPU
		{1B3EB40A-53B1-4D62-8DFE-F30F731E738D}.Ad-Hoc|Any CPU.Build.0 = Debug|Any CPU
		{1B3EB40A-53B1-4D62-8DFE-F30F731E738D}.Ad-Hoc|Any CPU.Deploy.0 = Debug|Any CPU
		{1B3EB40A-53B1-4D62-8DFE-F30F731E738D}.Ad-Hoc|iPhone.ActiveCfg = Debug|Any CPU
		{1B3EB40A-53B1-4D62-8DFE-F30F731E738D}.Ad-Hoc|iPhone.Build.0 = Debug|Any CPU
		{1B3EB40A-53B1-4D62-8DFE-F30F731E738D}.Ad-Hoc|iPhone.Deploy.0 = Debug|Any CPU
		{1B3EB40A-53B1-4D62-8DFE-F30F731E738D}.Ad-Hoc|iPhoneSimulator.ActiveCfg = Debug|Any CPU
		{1B3EB40A-53B1-4D62-8DFE-F30F731E738D}.Ad-Hoc|iPhoneSimulator.Build.0 = Debug|Any CPU
		{1B3EB40A-53B1-4D62-8DFE-F30F731E738D}.Ad-Hoc|iPhoneSimulator.Deploy.0 = Debug|Any CPU
		{1B3EB40A-53B1-4D62-8DFE-F30F731E738D}.AppStore|Any CPU.ActiveCfg = Debug|Any CPU
		{1B3EB40A-53B1-4D62-8DFE-F30F731E738D}.AppStore|Any CPU.Build.0 = Debug|Any CPU
		{1B3EB40A-53B1-4D62-8DFE-F30F731E738D}.AppStore|Any CPU.Deploy.0 = Debug|Any CPU
		{1B3EB40A-53B1-4D62-8DFE-F30F731E738D}.AppStore|iPhone.ActiveCfg = Debug|Any CPU
		{1B3EB40A-53B1-4D62-8DFE-F30F731E738D}.AppStore|iPhone.Build.0 = Debug|Any CPU
		{1B3EB40A-53B1-4D62-8DFE-F30F731E738D}.AppStore|iPhone.Deploy.0 = Debug|Any CPU
		{1B3EB40A-53B1-4D62-8DFE-F30F731E738D}.AppStore|iPhoneSimulator.ActiveCfg = Debug|Any CPU
		{1B3EB40A-53B1-4D62-8DFE-F30F731E738D}.AppStore|iPhoneSimulator.Build.0 = Debug|Any CPU
		{1B3EB40A-53B1-4D62-8DFE-F30F731E738D}.AppStore|iPhoneSimulator.Deploy.0 = Debug|Any CPU
		{1B3EB40A-53B1-4D62-8DFE-F30F731E738D}.Debug|Any CPU.ActiveCfg = Debug|Any CPU
		{1B3EB40A-53B1-4D62-8DFE-F30F731E738D}.Debug|Any CPU.Build.0 = Debug|Any CPU
		{1B3EB40A-53B1-4D62-8DFE-F30F731E738D}.Debug|Any CPU.Deploy.0 = Debug|Any CPU
		{1B3EB40A-53B1-4D62-8DFE-F30F731E738D}.Debug|iPhone.ActiveCfg = Debug|Any CPU
		{1B3EB40A-53B1-4D62-8DFE-F30F731E738D}.Debug|iPhone.Build.0 = Debug|Any CPU
		{1B3EB40A-53B1-4D62-8DFE-F30F731E738D}.Debug|iPhone.Deploy.0 = Debug|Any CPU
		{1B3EB40A-53B1-4D62-8DFE-F30F731E738D}.Debug|iPhoneSimulator.ActiveCfg = Debug|Any CPU
		{1B3EB40A-53B1-4D62-8DFE-F30F731E738D}.Debug|iPhoneSimulator.Build.0 = Debug|Any CPU
		{1B3EB40A-53B1-4D62-8DFE-F30F731E738D}.Debug|iPhoneSimulator.Deploy.0 = Debug|Any CPU
		{1B3EB40A-53B1-4D62-8DFE-F30F731E738D}.Release|Any CPU.ActiveCfg = Release|Any CPU
		{1B3EB40A-53B1-4D62-8DFE-F30F731E738D}.Release|Any CPU.Build.0 = Release|Any CPU
		{1B3EB40A-53B1-4D62-8DFE-F30F731E738D}.Release|Any CPU.Deploy.0 = Release|Any CPU
		{1B3EB40A-53B1-4D62-8DFE-F30F731E738D}.Release|iPhone.ActiveCfg = Release|Any CPU
		{1B3EB40A-53B1-4D62-8DFE-F30F731E738D}.Release|iPhone.Build.0 = Release|Any CPU
		{1B3EB40A-53B1-4D62-8DFE-F30F731E738D}.Release|iPhone.Deploy.0 = Release|Any CPU
		{1B3EB40A-53B1-4D62-8DFE-F30F731E738D}.Release|iPhoneSimulator.ActiveCfg = Release|Any CPU
		{1B3EB40A-53B1-4D62-8DFE-F30F731E738D}.Release|iPhoneSimulator.Build.0 = Release|Any CPU
		{1B3EB40A-53B1-4D62-8DFE-F30F731E738D}.Release|iPhoneSimulator.Deploy.0 = Release|Any CPU
		{A1BF1859-B97A-4E86-8AC8-E18E580DDEC9}.Ad-Hoc|Any CPU.ActiveCfg = Release|Any CPU
		{A1BF1859-B97A-4E86-8AC8-E18E580DDEC9}.Ad-Hoc|Any CPU.Build.0 = Release|Any CPU
		{A1BF1859-B97A-4E86-8AC8-E18E580DDEC9}.Ad-Hoc|iPhone.ActiveCfg = Release|Any CPU
		{A1BF1859-B97A-4E86-8AC8-E18E580DDEC9}.Ad-Hoc|iPhone.Build.0 = Release|Any CPU
		{A1BF1859-B97A-4E86-8AC8-E18E580DDEC9}.Ad-Hoc|iPhoneSimulator.ActiveCfg = Release|Any CPU
		{A1BF1859-B97A-4E86-8AC8-E18E580DDEC9}.Ad-Hoc|iPhoneSimulator.Build.0 = Release|Any CPU
		{A1BF1859-B97A-4E86-8AC8-E18E580DDEC9}.AppStore|Any CPU.ActiveCfg = Release|Any CPU
		{A1BF1859-B97A-4E86-8AC8-E18E580DDEC9}.AppStore|Any CPU.Build.0 = Release|Any CPU
		{A1BF1859-B97A-4E86-8AC8-E18E580DDEC9}.AppStore|iPhone.ActiveCfg = Release|Any CPU
		{A1BF1859-B97A-4E86-8AC8-E18E580DDEC9}.AppStore|iPhone.Build.0 = Release|Any CPU
		{A1BF1859-B97A-4E86-8AC8-E18E580DDEC9}.AppStore|iPhoneSimulator.ActiveCfg = Release|Any CPU
		{A1BF1859-B97A-4E86-8AC8-E18E580DDEC9}.AppStore|iPhoneSimulator.Build.0 = Release|Any CPU
		{A1BF1859-B97A-4E86-8AC8-E18E580DDEC9}.Debug|Any CPU.ActiveCfg = Debug|Any CPU
		{A1BF1859-B97A-4E86-8AC8-E18E580DDEC9}.Debug|Any CPU.Build.0 = Debug|Any CPU
		{A1BF1859-B97A-4E86-8AC8-E18E580DDEC9}.Debug|iPhone.ActiveCfg = Debug|Any CPU
		{A1BF1859-B97A-4E86-8AC8-E18E580DDEC9}.Debug|iPhone.Build.0 = Debug|Any CPU
		{A1BF1859-B97A-4E86-8AC8-E18E580DDEC9}.Debug|iPhoneSimulator.ActiveCfg = Debug|Any CPU
		{A1BF1859-B97A-4E86-8AC8-E18E580DDEC9}.Debug|iPhoneSimulator.Build.0 = Debug|Any CPU
		{A1BF1859-B97A-4E86-8AC8-E18E580DDEC9}.Release|Any CPU.ActiveCfg = Release|Any CPU
		{A1BF1859-B97A-4E86-8AC8-E18E580DDEC9}.Release|Any CPU.Build.0 = Release|Any CPU
		{A1BF1859-B97A-4E86-8AC8-E18E580DDEC9}.Release|iPhone.ActiveCfg = Release|Any CPU
		{A1BF1859-B97A-4E86-8AC8-E18E580DDEC9}.Release|iPhone.Build.0 = Release|Any CPU
		{A1BF1859-B97A-4E86-8AC8-E18E580DDEC9}.Release|iPhoneSimulator.ActiveCfg = Release|Any CPU
		{A1BF1859-B97A-4E86-8AC8-E18E580DDEC9}.Release|iPhoneSimulator.Build.0 = Release|Any CPU
		{EC439E83-35C6-40E3-95A1-AD6CFDCF01B5}.Ad-Hoc|Any CPU.ActiveCfg = Release|Any CPU
		{EC439E83-35C6-40E3-95A1-AD6CFDCF01B5}.Ad-Hoc|Any CPU.Build.0 = Release|Any CPU
		{EC439E83-35C6-40E3-95A1-AD6CFDCF01B5}.Ad-Hoc|iPhone.ActiveCfg = Release|Any CPU
		{EC439E83-35C6-40E3-95A1-AD6CFDCF01B5}.Ad-Hoc|iPhone.Build.0 = Release|Any CPU
		{EC439E83-35C6-40E3-95A1-AD6CFDCF01B5}.Ad-Hoc|iPhoneSimulator.ActiveCfg = Release|Any CPU
		{EC439E83-35C6-40E3-95A1-AD6CFDCF01B5}.Ad-Hoc|iPhoneSimulator.Build.0 = Release|Any CPU
		{EC439E83-35C6-40E3-95A1-AD6CFDCF01B5}.AppStore|Any CPU.ActiveCfg = Release|Any CPU
		{EC439E83-35C6-40E3-95A1-AD6CFDCF01B5}.AppStore|Any CPU.Build.0 = Release|Any CPU
		{EC439E83-35C6-40E3-95A1-AD6CFDCF01B5}.AppStore|iPhone.ActiveCfg = Release|Any CPU
		{EC439E83-35C6-40E3-95A1-AD6CFDCF01B5}.AppStore|iPhone.Build.0 = Release|Any CPU
		{EC439E83-35C6-40E3-95A1-AD6CFDCF01B5}.AppStore|iPhoneSimulator.ActiveCfg = Release|Any CPU
		{EC439E83-35C6-40E3-95A1-AD6CFDCF01B5}.AppStore|iPhoneSimulator.Build.0 = Release|Any CPU
		{EC439E83-35C6-40E3-95A1-AD6CFDCF01B5}.Debug|Any CPU.ActiveCfg = Debug|Any CPU
		{EC439E83-35C6-40E3-95A1-AD6CFDCF01B5}.Debug|Any CPU.Build.0 = Debug|Any CPU
		{EC439E83-35C6-40E3-95A1-AD6CFDCF01B5}.Debug|iPhone.ActiveCfg = Debug|Any CPU
		{EC439E83-35C6-40E3-95A1-AD6CFDCF01B5}.Debug|iPhone.Build.0 = Debug|Any CPU
		{EC439E83-35C6-40E3-95A1-AD6CFDCF01B5}.Debug|iPhoneSimulator.ActiveCfg = Debug|Any CPU
		{EC439E83-35C6-40E3-95A1-AD6CFDCF01B5}.Debug|iPhoneSimulator.Build.0 = Debug|Any CPU
		{EC439E83-35C6-40E3-95A1-AD6CFDCF01B5}.Release|Any CPU.ActiveCfg = Release|Any CPU
		{EC439E83-35C6-40E3-95A1-AD6CFDCF01B5}.Release|Any CPU.Build.0 = Release|Any CPU
		{EC439E83-35C6-40E3-95A1-AD6CFDCF01B5}.Release|iPhone.ActiveCfg = Release|Any CPU
		{EC439E83-35C6-40E3-95A1-AD6CFDCF01B5}.Release|iPhone.Build.0 = Release|Any CPU
		{EC439E83-35C6-40E3-95A1-AD6CFDCF01B5}.Release|iPhoneSimulator.ActiveCfg = Release|Any CPU
		{EC439E83-35C6-40E3-95A1-AD6CFDCF01B5}.Release|iPhoneSimulator.Build.0 = Release|Any CPU
		{097B92E3-D379-4912-A2FB-45AE5D56D602}.Ad-Hoc|Any CPU.ActiveCfg = Release|Any CPU
		{097B92E3-D379-4912-A2FB-45AE5D56D602}.Ad-Hoc|Any CPU.Build.0 = Release|Any CPU
		{097B92E3-D379-4912-A2FB-45AE5D56D602}.Ad-Hoc|iPhone.ActiveCfg = Release|Any CPU
		{097B92E3-D379-4912-A2FB-45AE5D56D602}.Ad-Hoc|iPhone.Build.0 = Release|Any CPU
		{097B92E3-D379-4912-A2FB-45AE5D56D602}.Ad-Hoc|iPhoneSimulator.ActiveCfg = Release|Any CPU
		{097B92E3-D379-4912-A2FB-45AE5D56D602}.Ad-Hoc|iPhoneSimulator.Build.0 = Release|Any CPU
		{097B92E3-D379-4912-A2FB-45AE5D56D602}.AppStore|Any CPU.ActiveCfg = Release|Any CPU
		{097B92E3-D379-4912-A2FB-45AE5D56D602}.AppStore|Any CPU.Build.0 = Release|Any CPU
		{097B92E3-D379-4912-A2FB-45AE5D56D602}.AppStore|iPhone.ActiveCfg = Release|Any CPU
		{097B92E3-D379-4912-A2FB-45AE5D56D602}.AppStore|iPhone.Build.0 = Release|Any CPU
		{097B92E3-D379-4912-A2FB-45AE5D56D602}.AppStore|iPhoneSimulator.ActiveCfg = Release|Any CPU
		{097B92E3-D379-4912-A2FB-45AE5D56D602}.AppStore|iPhoneSimulator.Build.0 = Release|Any CPU
		{097B92E3-D379-4912-A2FB-45AE5D56D602}.Debug|Any CPU.ActiveCfg = Debug|Any CPU
		{097B92E3-D379-4912-A2FB-45AE5D56D602}.Debug|Any CPU.Build.0 = Debug|Any CPU
		{097B92E3-D379-4912-A2FB-45AE5D56D602}.Debug|iPhone.ActiveCfg = Debug|Any CPU
		{097B92E3-D379-4912-A2FB-45AE5D56D602}.Debug|iPhone.Build.0 = Debug|Any CPU
		{097B92E3-D379-4912-A2FB-45AE5D56D602}.Debug|iPhoneSimulator.ActiveCfg = Debug|Any CPU
		{097B92E3-D379-4912-A2FB-45AE5D56D602}.Debug|iPhoneSimulator.Build.0 = Debug|Any CPU
		{097B92E3-D379-4912-A2FB-45AE5D56D602}.Release|Any CPU.ActiveCfg = Release|Any CPU
		{097B92E3-D379-4912-A2FB-45AE5D56D602}.Release|Any CPU.Build.0 = Release|Any CPU
		{097B92E3-D379-4912-A2FB-45AE5D56D602}.Release|iPhone.ActiveCfg = Release|Any CPU
		{097B92E3-D379-4912-A2FB-45AE5D56D602}.Release|iPhone.Build.0 = Release|Any CPU
		{097B92E3-D379-4912-A2FB-45AE5D56D602}.Release|iPhoneSimulator.ActiveCfg = Release|Any CPU
		{097B92E3-D379-4912-A2FB-45AE5D56D602}.Release|iPhoneSimulator.Build.0 = Release|Any CPU
		{E4D806A4-A935-4191-A0D8-261AC203D45A}.Ad-Hoc|Any CPU.ActiveCfg = Release|Any CPU
		{E4D806A4-A935-4191-A0D8-261AC203D45A}.Ad-Hoc|Any CPU.Build.0 = Release|Any CPU
		{E4D806A4-A935-4191-A0D8-261AC203D45A}.Ad-Hoc|iPhone.ActiveCfg = Release|Any CPU
		{E4D806A4-A935-4191-A0D8-261AC203D45A}.Ad-Hoc|iPhone.Build.0 = Release|Any CPU
		{E4D806A4-A935-4191-A0D8-261AC203D45A}.Ad-Hoc|iPhoneSimulator.ActiveCfg = Release|Any CPU
		{E4D806A4-A935-4191-A0D8-261AC203D45A}.Ad-Hoc|iPhoneSimulator.Build.0 = Release|Any CPU
		{E4D806A4-A935-4191-A0D8-261AC203D45A}.AppStore|Any CPU.ActiveCfg = Release|Any CPU
		{E4D806A4-A935-4191-A0D8-261AC203D45A}.AppStore|Any CPU.Build.0 = Release|Any CPU
		{E4D806A4-A935-4191-A0D8-261AC203D45A}.AppStore|iPhone.ActiveCfg = Release|Any CPU
		{E4D806A4-A935-4191-A0D8-261AC203D45A}.AppStore|iPhone.Build.0 = Release|Any CPU
		{E4D806A4-A935-4191-A0D8-261AC203D45A}.AppStore|iPhoneSimulator.ActiveCfg = Release|Any CPU
		{E4D806A4-A935-4191-A0D8-261AC203D45A}.AppStore|iPhoneSimulator.Build.0 = Release|Any CPU
		{E4D806A4-A935-4191-A0D8-261AC203D45A}.Debug|Any CPU.ActiveCfg = Debug|Any CPU
		{E4D806A4-A935-4191-A0D8-261AC203D45A}.Debug|Any CPU.Build.0 = Debug|Any CPU
		{E4D806A4-A935-4191-A0D8-261AC203D45A}.Debug|iPhone.ActiveCfg = Debug|Any CPU
		{E4D806A4-A935-4191-A0D8-261AC203D45A}.Debug|iPhone.Build.0 = Debug|Any CPU
		{E4D806A4-A935-4191-A0D8-261AC203D45A}.Debug|iPhoneSimulator.ActiveCfg = Debug|Any CPU
		{E4D806A4-A935-4191-A0D8-261AC203D45A}.Debug|iPhoneSimulator.Build.0 = Debug|Any CPU
		{E4D806A4-A935-4191-A0D8-261AC203D45A}.Release|Any CPU.ActiveCfg = Release|Any CPU
		{E4D806A4-A935-4191-A0D8-261AC203D45A}.Release|Any CPU.Build.0 = Release|Any CPU
		{E4D806A4-A935-4191-A0D8-261AC203D45A}.Release|iPhone.ActiveCfg = Release|Any CPU
		{E4D806A4-A935-4191-A0D8-261AC203D45A}.Release|iPhone.Build.0 = Release|Any CPU
		{E4D806A4-A935-4191-A0D8-261AC203D45A}.Release|iPhoneSimulator.ActiveCfg = Release|Any CPU
		{E4D806A4-A935-4191-A0D8-261AC203D45A}.Release|iPhoneSimulator.Build.0 = Release|Any CPU
	EndGlobalSection
	GlobalSection(SolutionProperties) = preSolution
		HideSolutionNode = FALSE
	EndGlobalSection
	GlobalSection(ExtensibilityGlobals) = postSolution
		SolutionGuid = {A6C0E79B-8F2B-4ECE-97B6-4B8EE0510382}
	EndGlobalSection
EndGlobal
